
Microsoft Visual Studio Solution File, Format Version 12.00
# Visual Studio Version 17
VisualStudioVersion = 17.4.33122.133
MinimumVisualStudioVersion = 10.0.40219.1
Project("{FAE04EC0-301F-11D3-BF4B-00C04F79EFBC}") = "ProjekatVeb2", "ProjekatVeb2\ProjekatVeb2.csproj", "{3ED5A79A-8839-4C74-A2E2-C4EA57CAD432}"
EndProject
Global
	GlobalSection(SolutionConfigurationPlatforms) = preSolution
		Debug|Any CPU = Debug|Any CPU
		Release|Any CPU = Release|Any CPU
	EndGlobalSection
	GlobalSection(ProjectConfigurationPlatforms) = postSolution
		{3ED5A79A-8839-4C74-A2E2-C4EA57CAD432}.Debug|Any CPU.ActiveCfg = Debug|Any CPU
		{3ED5A79A-8839-4C74-A2E2-C4EA57CAD432}.Debug|Any CPU.Build.0 = Debug|Any CPU
		{3ED5A79A-8839-4C74-A2E2-C4EA57CAD432}.Release|Any CPU.ActiveCfg = Release|Any CPU
		{3ED5A79A-8839-4C74-A2E2-C4EA57CAD432}.Release|Any CPU.Build.0 = Release|Any CPU
	EndGlobalSection
	GlobalSection(SolutionProperties) = preSolution
		HideSolutionNode = FALSE
	EndGlobalSection
	GlobalSection(ExtensibilityGlobals) = postSolution
		SolutionGuid = {51DD123A-773C-432C-88FD-42947595397E}
	EndGlobalSection
EndGlobal
